// !$*UTF8*$!
{
    archiveVersion = 1;
    classes = {
    };
    objectVersion = 56;
    objects = {

/* Begin PBXBuildFile section */
        A10000010000000000000001 /* EyePalApp.swift in Sources */ = {isa = PBXBuildFile; fileRef = A10001010000000000000001 /* EyePalApp.swift */; };
        A10000010000000000000002 /* RootTabView.swift in Sources */ = {isa = PBXBuildFile; fileRef = A10001010000000000000002 /* RootTabView.swift */; };
        A10000010000000000000003 /* FaceProfile.swift in Sources */ = {isa = PBXBuildFile; fileRef = A10001010000000000000003 /* FaceProfile.swift */; };
        A10000010000000000000004 /* FaceSuggestion.swift in Sources */ = {isa = PBXBuildFile; fileRef = A10001010000000000000004 /* FaceSuggestion.swift */; };
        A10000010000000000000005 /* AccessibilityAnnouncementCenter.swift in Sources */ = {isa = PBXBuildFile; fileRef = A10001010000000000000005 /* AccessibilityAnnouncementCenter.swift */; };
        A10000010000000000000006 /* CameraPipeline.swift in Sources */ = {isa = PBXBuildFile; fileRef = A10001010000000000000006 /* CameraPipeline.swift */; };
        A10000010000000000000007 /* CameraPreviewView.swift in Sources */ = {isa = PBXBuildFile; fileRef = A10001010000000000000007 /* CameraPreviewView.swift */; };
		A10000010000000000000008 /* TextRecognitionService.swift in Sources */ = {isa = PBXBuildFile; fileRef = A10001010000000000000008 /* TextRecognitionService.swift */; };
		A10000010000000000000018 /* FaceModelContract.swift in Sources */ = {isa = PBXBuildFile; fileRef = A10001010000000000000018 /* FaceModelContract.swift */; };
		A10000010000000000000009 /* FaceEmbeddingEngine.swift in Sources */ = {isa = PBXBuildFile; fileRef = A10001010000000000000009 /* FaceEmbeddingEngine.swift */; };
        A1000001000000000000000A /* FaceStore.swift in Sources */ = {isa = PBXBuildFile; fileRef = A1000101000000000000000A /* FaceStore.swift */; };
        A1000001000000000000000B /* FaceRecognitionService.swift in Sources */ = {isa = PBXBuildFile; fileRef = A1000101000000000000000B /* FaceRecognitionService.swift */; };
        A1000001000000000000000C /* ReadTextViewModel.swift in Sources */ = {isa = PBXBuildFile; fileRef = A1000101000000000000000C /* ReadTextViewModel.swift */; };
        A1000001000000000000000D /* FaceRecognitionViewModel.swift in Sources */ = {isa = PBXBuildFile; fileRef = A1000101000000000000000D /* FaceRecognitionViewModel.swift */; };
        A1000001000000000000000E /* SettingsStore.swift in Sources */ = {isa = PBXBuildFile; fileRef = A1000101000000000000000E /* SettingsStore.swift */; };
        A1000001000000000000000F /* ReadTextView.swift in Sources */ = {isa = PBXBuildFile; fileRef = A1000101000000000000000F /* ReadTextView.swift */; };
        A10000010000000000000010 /* FaceRecognitionView.swift in Sources */ = {isa = PBXBuildFile; fileRef = A10001010000000000000010 /* FaceRecognitionView.swift */; };
		A10000010000000000000011 /* SettingsView.swift in Sources */ = {isa = PBXBuildFile; fileRef = A10001010000000000000011 /* SettingsView.swift */; };
		A10000010000000000000012 /* Assets.xcassets in Resources */ = {isa = PBXBuildFile; fileRef = A10001010000000000000012 /* Assets.xcassets */; };
		A1000001000000000000001A /* arcface_fresh.onnx in Resources */ = {isa = PBXBuildFile; fileRef = A1000101000000000000001A /* arcface_fresh.onnx */; };
		A1000001000000000000001B /* OpenAISubscriptionStore.swift in Sources */ = {isa = PBXBuildFile; fileRef = A1000101000000000000001B /* OpenAISubscriptionStore.swift */; };
		A1000001000000000000001C /* OpenAIDetailsDescriptionService.swift in Sources */ = {isa = PBXBuildFile; fileRef = A1000101000000000000001C /* OpenAIDetailsDescriptionService.swift */; };
		A1000001000000000000001D /* DetailsDescriptionViewModel.swift in Sources */ = {isa = PBXBuildFile; fileRef = A1000101000000000000001D /* DetailsDescriptionViewModel.swift */; };
		A1000001000000000000001E /* DetailsDescriptionView.swift in Sources */ = {isa = PBXBuildFile; fileRef = A1000101000000000000001E /* DetailsDescriptionView.swift */; };
/* End PBXBuildFile section */

/* Begin PBXFileReference section */
        A10001000000000000000001 /* EyePal.app */ = {isa = PBXFileReference; explicitFileType = wrapper.application; includeInIndex = 0; path = EyePal.app; sourceTree = BUILT_PRODUCTS_DIR; };
        A10001010000000000000001 /* EyePalApp.swift */ = {isa = PBXFileReference; lastKnownFileType = sourcecode.swift; path = EyePalApp.swift; sourceTree = "<group>"; };
        A10001010000000000000002 /* RootTabView.swift */ = {isa = PBXFileReference; lastKnownFileType = sourcecode.swift; path = RootTabView.swift; sourceTree = "<group>"; };
        A10001010000000000000003 /* FaceProfile.swift */ = {isa = PBXFileReference; lastKnownFileType = sourcecode.swift; path = FaceProfile.swift; sourceTree = "<group>"; };
        A10001010000000000000004 /* FaceSuggestion.swift */ = {isa = PBXFileReference; lastKnownFileType = sourcecode.swift; path = FaceSuggestion.swift; sourceTree = "<group>"; };
        A10001010000000000000005 /* AccessibilityAnnouncementCenter.swift */ = {isa = PBXFileReference; lastKnownFileType = sourcecode.swift; path = AccessibilityAnnouncementCenter.swift; sourceTree = "<group>"; };
        A10001010000000000000006 /* CameraPipeline.swift */ = {isa = PBXFileReference; lastKnownFileType = sourcecode.swift; path = CameraPipeline.swift; sourceTree = "<group>"; };
        A10001010000000000000007 /* CameraPreviewView.swift */ = {isa = PBXFileReference; lastKnownFileType = sourcecode.swift; path = CameraPreviewView.swift; sourceTree = "<group>"; };
		A10001010000000000000008 /* TextRecognitionService.swift */ = {isa = PBXFileReference; lastKnownFileType = sourcecode.swift; path = TextRecognitionService.swift; sourceTree = "<group>"; };
		A10001010000000000000018 /* FaceModelContract.swift */ = {isa = PBXFileReference; lastKnownFileType = sourcecode.swift; path = FaceModelContract.swift; sourceTree = "<group>"; };
		A10001010000000000000009 /* FaceEmbeddingEngine.swift */ = {isa = PBXFileReference; lastKnownFileType = sourcecode.swift; path = FaceEmbeddingEngine.swift; sourceTree = "<group>"; };
        A1000101000000000000000A /* FaceStore.swift */ = {isa = PBXFileReference; lastKnownFileType = sourcecode.swift; path = FaceStore.swift; sourceTree = "<group>"; };
        A1000101000000000000000B /* FaceRecognitionService.swift */ = {isa = PBXFileReference; lastKnownFileType = sourcecode.swift; path = FaceRecognitionService.swift; sourceTree = "<group>"; };
        A1000101000000000000000C /* ReadTextViewModel.swift */ = {isa = PBXFileReference; lastKnownFileType = sourcecode.swift; path = ReadTextViewModel.swift; sourceTree = "<group>"; };
        A1000101000000000000000D /* FaceRecognitionViewModel.swift */ = {isa = PBXFileReference; lastKnownFileType = sourcecode.swift; path = FaceRecognitionViewModel.swift; sourceTree = "<group>"; };
        A1000101000000000000000E /* SettingsStore.swift */ = {isa = PBXFileReference; lastKnownFileType = sourcecode.swift; path = SettingsStore.swift; sourceTree = "<group>"; };
        A1000101000000000000000F /* ReadTextView.swift */ = {isa = PBXFileReference; lastKnownFileType = sourcecode.swift; path = ReadTextView.swift; sourceTree = "<group>"; };
        A10001010000000000000010 /* FaceRecognitionView.swift */ = {isa = PBXFileReference; lastKnownFileType = sourcecode.swift; path = FaceRecognitionView.swift; sourceTree = "<group>"; };
		A10001010000000000000011 /* SettingsView.swift */ = {isa = PBXFileReference; lastKnownFileType = sourcecode.swift; path = SettingsView.swift; sourceTree = "<group>"; };
		A10001010000000000000012 /* Assets.xcassets */ = {isa = PBXFileReference; lastKnownFileType = folder.assetcatalog; path = Assets.xcassets; sourceTree = "<group>"; };
		A10001010000000000000013 /* Info.plist */ = {isa = PBXFileReference; lastKnownFileType = text.plist.xml; path = Info.plist; sourceTree = "<group>"; };
		A10001010000000000000019 /* EyePal-Bridging-Header.h */ = {isa = PBXFileReference; lastKnownFileType = sourcecode.c.h; path = EyePal-Bridging-Header.h; sourceTree = "<group>"; };
		A1000101000000000000001A /* arcface_fresh.onnx */ = {isa = PBXFileReference; lastKnownFileType = file; name = arcface_fresh.onnx; path = tools/face_model/models/arcface_fresh.onnx; sourceTree = SOURCE_ROOT; };
		A1000101000000000000001B /* OpenAISubscriptionStore.swift */ = {isa = PBXFileReference; lastKnownFileType = sourcecode.swift; path = OpenAISubscriptionStore.swift; sourceTree = "<group>"; };
		A1000101000000000000001C /* OpenAIDetailsDescriptionService.swift */ = {isa = PBXFileReference; lastKnownFileType = sourcecode.swift; path = OpenAIDetailsDescriptionService.swift; sourceTree = "<group>"; };
		A1000101000000000000001D /* DetailsDescriptionViewModel.swift */ = {isa = PBXFileReference; lastKnownFileType = sourcecode.swift; path = DetailsDescriptionViewModel.swift; sourceTree = "<group>"; };
		A1000101000000000000001E /* DetailsDescriptionView.swift */ = {isa = PBXFileReference; lastKnownFileType = sourcecode.swift; path = DetailsDescriptionView.swift; sourceTree = "<group>"; };
/* End PBXFileReference section */

/* Begin PBXFrameworksBuildPhase section */
        A10002000000000000000001 /* Frameworks */ = {
            isa = PBXFrameworksBuildPhase;
            buildActionMask = 2147483647;
            files = (
            );
            runOnlyForDeploymentPostprocessing = 0;
        };
/* End PBXFrameworksBuildPhase section */

/* Begin PBXGroup section */
        A10003000000000000000001 = {
            isa = PBXGroup;
            children = (
                A10003000000000000000002 /* EyePal */,
                A10003000000000000000003 /* Products */,
            );
            sourceTree = "<group>";
        };
        A10003000000000000000002 /* EyePal */ = {
            isa = PBXGroup;
            children = (
				A10001010000000000000013 /* Info.plist */,
				A10001010000000000000012 /* Assets.xcassets */,
				A10001010000000000000019 /* EyePal-Bridging-Header.h */,
				A1000101000000000000001A /* arcface_fresh.onnx */,
				A10001010000000000000001 /* EyePalApp.swift */,
                A10001010000000000000002 /* RootTabView.swift */,
                A10003000000000000000004 /* Models */,
                A10003000000000000000005 /* Services */,
                A10003000000000000000006 /* ViewModels */,
                A10003000000000000000007 /* Views */,
            );
            path = EyePal;
            sourceTree = "<group>";
        };
        A10003000000000000000003 /* Products */ = {
            isa = PBXGroup;
            children = (
                A10001000000000000000001 /* EyePal.app */,
            );
            name = Products;
            sourceTree = "<group>";
        };
        A10003000000000000000004 /* Models */ = {
            isa = PBXGroup;
            children = (
                A10001010000000000000003 /* FaceProfile.swift */,
                A10001010000000000000004 /* FaceSuggestion.swift */,
            );
            path = Models;
            sourceTree = "<group>";
        };
        A10003000000000000000005 /* Services */ = {
            isa = PBXGroup;
            children = (
                A10001010000000000000005 /* AccessibilityAnnouncementCenter.swift */,
                A10003000000000000000008 /* Camera */,
                A10003000000000000000009 /* ReadText */,
                A1000300000000000000000A /* Face */,
				A1000300000000000000000B /* OpenAI */,
            );
            path = Services;
            sourceTree = "<group>";
        };
        A10003000000000000000006 /* ViewModels */ = {
            isa = PBXGroup;
            children = (
				A1000101000000000000001D /* DetailsDescriptionViewModel.swift */,
                A1000101000000000000000C /* ReadTextViewModel.swift */,
                A1000101000000000000000D /* FaceRecognitionViewModel.swift */,
                A1000101000000000000000E /* SettingsStore.swift */,
            );
            path = ViewModels;
            sourceTree = "<group>";
        };
        A10003000000000000000007 /* Views */ = {
            isa = PBXGroup;
            children = (
				A1000101000000000000001E /* DetailsDescriptionView.swift */,
                A1000101000000000000000F /* ReadTextView.swift */,
                A10001010000000000000010 /* FaceRecognitionView.swift */,
                A10001010000000000000011 /* SettingsView.swift */,
            );
            path = Views;
            sourceTree = "<group>";
        };
        A10003000000000000000008 /* Camera */ = {
            isa = PBXGroup;
            children = (
                A10001010000000000000006 /* CameraPipeline.swift */,
                A10001010000000000000007 /* CameraPreviewView.swift */,
            );
            path = Camera;
            sourceTree = "<group>";
        };
        A10003000000000000000009 /* ReadText */ = {
            isa = PBXGroup;
            children = (
                A10001010000000000000008 /* TextRecognitionService.swift */,
            );
            path = ReadText;
            sourceTree = "<group>";
        };
		A1000300000000000000000A /* Face */ = {
			isa = PBXGroup;
			children = (
				A10001010000000000000018 /* FaceModelContract.swift */,
				A10001010000000000000009 /* FaceEmbeddingEngine.swift */,
				A1000101000000000000000A /* FaceStore.swift */,
				A1000101000000000000000B /* FaceRecognitionService.swift */,
            );
            path = Face;
            sourceTree = "<group>";
        };
		A1000300000000000000000B /* OpenAI */ = {
			isa = PBXGroup;
			children = (
				A1000101000000000000001B /* OpenAISubscriptionStore.swift */,
				A1000101000000000000001C /* OpenAIDetailsDescriptionService.swift */,
			);
			path = OpenAI;
			sourceTree = "<group>";
		};
/* End PBXGroup section */

/* Begin PBXNativeTarget section */
        A10004000000000000000001 /* EyePal */ = {
            isa = PBXNativeTarget;
            buildConfigurationList = A10007000000000000000001 /* Build configuration list for PBXNativeTarget "EyePal" */;
            buildPhases = (
                A10002000000000000000002 /* Sources */,
                A10002000000000000000001 /* Frameworks */,
                A10002000000000000000003 /* Resources */,
            );
            buildRules = (
            );
            dependencies = (
            );
            name = EyePal;
            productName = EyePal;
            productReference = A10001000000000000000001 /* EyePal.app */;
            productType = "com.apple.product-type.application";
        };
/* End PBXNativeTarget section */

/* Begin PBXProject section */
        A10005000000000000000001 /* Project object */ = {
            isa = PBXProject;
            attributes = {
                BuildIndependentTargetsInParallel = 1;
                LastSwiftUpdateCheck = 1600;
                LastUpgradeCheck = 1600;
                TargetAttributes = {
                    A10004000000000000000001 = {
                        CreatedOnToolsVersion = 16.0;
                    };
                };
            };
            buildConfigurationList = A10007000000000000000002 /* Build configuration list for PBXProject "EyePal" */;
            compatibilityVersion = "Xcode 14.0";
            developmentRegion = en;
            hasScannedForEncodings = 0;
            knownRegions = (
                en,
                Base,
            );
            mainGroup = A10003000000000000000001;
            productRefGroup = A10003000000000000000003 /* Products */;
            projectDirPath = "";
            projectRoot = "";
            targets = (
                A10004000000000000000001 /* EyePal */,
            );
        };
/* End PBXProject section */

/* Begin PBXResourcesBuildPhase section */
        A10002000000000000000003 /* Resources */ = {
            isa = PBXResourcesBuildPhase;
            buildActionMask = 2147483647;
            files = (
				A10000010000000000000012 /* Assets.xcassets in Resources */,
				A1000001000000000000001A /* arcface_fresh.onnx in Resources */,
			);
            runOnlyForDeploymentPostprocessing = 0;
        };
/* End PBXResourcesBuildPhase section */

/* Begin PBXSourcesBuildPhase section */
        A10002000000000000000002 /* Sources */ = {
            isa = PBXSourcesBuildPhase;
            buildActionMask = 2147483647;
            files = (
                A10000010000000000000005 /* AccessibilityAnnouncementCenter.swift in Sources */,
                A10000010000000000000006 /* CameraPipeline.swift in Sources */,
                A10000010000000000000007 /* CameraPreviewView.swift in Sources */,
				A10000010000000000000001 /* EyePalApp.swift in Sources */,
				A1000001000000000000001C /* OpenAIDetailsDescriptionService.swift in Sources */,
				A1000001000000000000001E /* DetailsDescriptionView.swift in Sources */,
				A1000001000000000000001D /* DetailsDescriptionViewModel.swift in Sources */,
				A10000010000000000000009 /* FaceEmbeddingEngine.swift in Sources */,
				A10000010000000000000018 /* FaceModelContract.swift in Sources */,
				A10000010000000000000003 /* FaceProfile.swift in Sources */,
                A1000001000000000000000B /* FaceRecognitionService.swift in Sources */,
                A1000001000000000000000D /* FaceRecognitionViewModel.swift in Sources */,
                A10000010000000000000010 /* FaceRecognitionView.swift in Sources */,
                A10000010000000000000004 /* FaceSuggestion.swift in Sources */,
                A1000001000000000000000A /* FaceStore.swift in Sources */,
				A1000001000000000000001B /* OpenAISubscriptionStore.swift in Sources */,
                A1000001000000000000000C /* ReadTextViewModel.swift in Sources */,
                A1000001000000000000000F /* ReadTextView.swift in Sources */,
                A10000010000000000000002 /* RootTabView.swift in Sources */,
                A1000001000000000000000E /* SettingsStore.swift in Sources */,
                A10000010000000000000011 /* SettingsView.swift in Sources */,
                A10000010000000000000008 /* TextRecognitionService.swift in Sources */,
            );
            runOnlyForDeploymentPostprocessing = 0;
        };
/* End PBXSourcesBuildPhase section */

/* Begin XCBuildConfiguration section */
        A10006000000000000000001 /* Debug */ = {
            isa = XCBuildConfiguration;
            buildSettings = {
                ALWAYS_SEARCH_USER_PATHS = NO;
                ASSETCATALOG_COMPILER_APPICON_NAME = AppIcon;
                ASSETCATALOG_COMPILER_GLOBAL_ACCENT_COLOR_NAME = AccentColor;
                CLANG_ENABLE_MODULES = YES;
                CODE_SIGN_STYLE = Automatic;
                CURRENT_PROJECT_VERSION = 1;
                DEBUG_INFORMATION_FORMAT = dwarf;
                DEVELOPMENT_TEAM = "";
                ENABLE_PREVIEWS = YES;
				GENERATE_INFOPLIST_FILE = NO;
				INFOPLIST_FILE = EyePal/Info.plist;
				IPHONEOS_DEPLOYMENT_TARGET = 17.0;
                LD_RUNPATH_SEARCH_PATHS = (
                    "$(inherited)",
                    "@executable_path/Frameworks",
                );
                MARKETING_VERSION = 1.0;
                PRODUCT_BUNDLE_IDENTIFIER = com.eyepals.app;
                PRODUCT_NAME = "$(TARGET_NAME)";
                SDKROOT = iphoneos;
                SUPPORTED_PLATFORMS = "iphoneos iphonesimulator";
				SWIFT_EMIT_LOC_STRINGS = YES;
				SWIFT_OBJC_BRIDGING_HEADER = EyePal/EyePal-Bridging-Header.h;
				SWIFT_VERSION = 5.0;
                TARGETED_DEVICE_FAMILY = 1;
            };
            name = Debug;
        };
        A10006000000000000000002 /* Release */ = {
            isa = XCBuildConfiguration;
            buildSettings = {
                ALWAYS_SEARCH_USER_PATHS = NO;
                ASSETCATALOG_COMPILER_APPICON_NAME = AppIcon;
                ASSETCATALOG_COMPILER_GLOBAL_ACCENT_COLOR_NAME = AccentColor;
                CLANG_ENABLE_MODULES = YES;
                CODE_SIGN_STYLE = Automatic;
                CURRENT_PROJECT_VERSION = 1;
                DEVELOPMENT_TEAM = "";
                ENABLE_PREVIEWS = YES;
				GENERATE_INFOPLIST_FILE = NO;
				INFOPLIST_FILE = EyePal/Info.plist;
				IPHONEOS_DEPLOYMENT_TARGET = 17.0;
                LD_RUNPATH_SEARCH_PATHS = (
                    "$(inherited)",
                    "@executable_path/Frameworks",
                );
                MARKETING_VERSION = 1.0;
                PRODUCT_BUNDLE_IDENTIFIER = com.eyepals.app;
                PRODUCT_NAME = "$(TARGET_NAME)";
                SDKROOT = iphoneos;
                SUPPORTED_PLATFORMS = "iphoneos iphonesimulator";
				SWIFT_EMIT_LOC_STRINGS = YES;
				SWIFT_OBJC_BRIDGING_HEADER = EyePal/EyePal-Bridging-Header.h;
				SWIFT_VERSION = 5.0;
                TARGETED_DEVICE_FAMILY = 1;
            };
            name = Release;
        };
        A10006000000000000000003 /* Debug */ = {
            isa = XCBuildConfiguration;
            buildSettings = {
                CLANG_ENABLE_MODULES = YES;
                IPHONEOS_DEPLOYMENT_TARGET = 17.0;
                SDKROOT = iphoneos;
                SUPPORTED_PLATFORMS = "iphoneos iphonesimulator";
            };
            name = Debug;
        };
        A10006000000000000000004 /* Release */ = {
            isa = XCBuildConfiguration;
            buildSettings = {
                CLANG_ENABLE_MODULES = YES;
                IPHONEOS_DEPLOYMENT_TARGET = 17.0;
                SDKROOT = iphoneos;
                SUPPORTED_PLATFORMS = "iphoneos iphonesimulator";
            };
            name = Release;
        };
/* End XCBuildConfiguration section */

/* Begin XCConfigurationList section */
        A10007000000000000000001 /* Build configuration list for PBXNativeTarget "EyePal" */ = {
            isa = XCConfigurationList;
            buildConfigurations = (
                A10006000000000000000001 /* Debug */,
                A10006000000000000000002 /* Release */,
            );
            defaultConfigurationIsVisible = 0;
            defaultConfigurationName = Release;
        };
        A10007000000000000000002 /* Build configuration list for PBXProject "EyePal" */ = {
            isa = XCConfigurationList;
            buildConfigurations = (
                A10006000000000000000003 /* Debug */,
                A10006000000000000000004 /* Release */,
            );
            defaultConfigurationIsVisible = 0;
            defaultConfigurationName = Release;
        };
/* End XCConfigurationList section */
    };
    rootObject = A10005000000000000000001 /* Project object */;
}
